
Microsoft Visual Studio Solution File, Format Version 12.00
# Visual Studio Version 17
VisualStudioVersion = 17.4.33213.308
MinimumVisualStudioVersion = 10.0.40219.1
Project("{2150E333-8FDC-42A3-9474-1A3956D46DE8}") = "Microservices", "Microservices", "{0C047CB7-3781-4BA4-AD59-69D94D964CE4}"
EndProject
Project("{2150E333-8FDC-42A3-9474-1A3956D46DE8}") = "ApiGateway", "ApiGateway", "{F5C38CE0-D52B-4897-8F77-A510A7314D43}"
EndProject
Project("{2150E333-8FDC-42A3-9474-1A3956D46DE8}") = "Libraries", "Libraries", "{6E88EC0B-3FC9-49A9-84BB-A32FF3EEA472}"
EndProject
Project("{2150E333-8FDC-42A3-9474-1A3956D46DE8}") = "UI", "UI", "{F6D8ECB5-F017-444A-9022-22FD550334CE}"
EndProject
Project("{9A19103F-16F7-4668-BE54-9A1E7A4F7556}") = "BlazorServerWebUI", "BlazorServerWebUI\BlazorServerWebUI.csproj", "{932E2EFA-0F7E-4496-A6E6-E5F5997CD691}"
EndProject
Project("{9A19103F-16F7-4668-BE54-9A1E7A4F7556}") = "JWTAuthenticationManager", "JWTAuthenticationManager\JWTAuthenticationManager.csproj", "{9748A7EC-154D-4623-B4B6-DB236D6E3635}"
EndProject
Project("{9A19103F-16F7-4668-BE54-9A1E7A4F7556}") = "AuthenticationWebApi", "AuthenticationWebApi\AuthenticationWebApi.csproj", "{376E257E-AB9E-48FE-B3CE-5F171F5043F9}"
EndProject
Project("{E53339B2-1760-4266-BCC7-CA923CBCF16C}") = "docker-compose", "docker-compose.dcproj", "{56E93D5F-6B41-45CD-8EB2-0B7F334B22D0}"
EndProject
Project("{9A19103F-16F7-4668-BE54-9A1E7A4F7556}") = "ApiGateway", "ApiGateway\ApiGateway.csproj", "{D4D7B115-1BFC-4419-A295-EE3729ABAAB7}"
EndProject
Project("{9A19103F-16F7-4668-BE54-9A1E7A4F7556}") = "TokenHandlerModels.Shared", "TokenHandlerModels.Shared\TokenHandlerModels.Shared.csproj", "{2B2414DE-89CF-49FB-9D51-ACEFB5A76158}"
EndProject
Global
	GlobalSection(SolutionConfigurationPlatforms) = preSolution
		Debug|Any CPU = Debug|Any CPU
		Release|Any CPU = Release|Any CPU
	EndGlobalSection
	GlobalSection(ProjectConfigurationPlatforms) = postSolution
		{932E2EFA-0F7E-4496-A6E6-E5F5997CD691}.Debug|Any CPU.ActiveCfg = Debug|Any CPU
		{932E2EFA-0F7E-4496-A6E6-E5F5997CD691}.Debug|Any CPU.Build.0 = Debug|Any CPU
		{932E2EFA-0F7E-4496-A6E6-E5F5997CD691}.Release|Any CPU.ActiveCfg = Release|Any CPU
		{932E2EFA-0F7E-4496-A6E6-E5F5997CD691}.Release|Any CPU.Build.0 = Release|Any CPU
		{9748A7EC-154D-4623-B4B6-DB236D6E3635}.Debug|Any CPU.ActiveCfg = Debug|Any CPU
		{9748A7EC-154D-4623-B4B6-DB236D6E3635}.Debug|Any CPU.Build.0 = Debug|Any CPU
		{9748A7EC-154D-4623-B4B6-DB236D6E3635}.Release|Any CPU.ActiveCfg = Release|Any CPU
		{9748A7EC-154D-4623-B4B6-DB236D6E3635}.Release|Any CPU.Build.0 = Release|Any CPU
		{376E257E-AB9E-48FE-B3CE-5F171F5043F9}.Debug|Any CPU.ActiveCfg = Debug|Any CPU
		{376E257E-AB9E-48FE-B3CE-5F171F5043F9}.Debug|Any CPU.Build.0 = Debug|Any CPU
		{376E257E-AB9E-48FE-B3CE-5F171F5043F9}.Release|Any CPU.ActiveCfg = Release|Any CPU
		{376E257E-AB9E-48FE-B3CE-5F171F5043F9}.Release|Any CPU.Build.0 = Release|Any CPU
		{56E93D5F-6B41-45CD-8EB2-0B7F334B22D0}.Debug|Any CPU.ActiveCfg = Debug|Any CPU
		{56E93D5F-6B41-45CD-8EB2-0B7F334B22D0}.Debug|Any CPU.Build.0 = Debug|Any CPU
		{56E93D5F-6B41-45CD-8EB2-0B7F334B22D0}.Release|Any CPU.ActiveCfg = Release|Any CPU
		{56E93D5F-6B41-45CD-8EB2-0B7F334B22D0}.Release|Any CPU.Build.0 = Release|Any CPU
		{D4D7B115-1BFC-4419-A295-EE3729ABAAB7}.Debug|Any CPU.ActiveCfg = Debug|Any CPU
		{D4D7B115-1BFC-4419-A295-EE3729ABAAB7}.Debug|Any CPU.Build.0 = Debug|Any CPU
		{D4D7B115-1BFC-4419-A295-EE3729ABAAB7}.Release|Any CPU.ActiveCfg = Release|Any CPU
		{D4D7B115-1BFC-4419-A295-EE3729ABAAB7}.Release|Any CPU.Build.0 = Release|Any CPU
		{2B2414DE-89CF-49FB-9D51-ACEFB5A76158}.Debug|Any CPU.ActiveCfg = Debug|Any CPU
		{2B2414DE-89CF-49FB-9D51-ACEFB5A76158}.Debug|Any CPU.Build.0 = Debug|Any CPU
		{2B2414DE-89CF-49FB-9D51-ACEFB5A76158}.Release|Any CPU.ActiveCfg = Release|Any CPU
		{2B2414DE-89CF-49FB-9D51-ACEFB5A76158}.Release|Any CPU.Build.0 = Release|Any CPU
	EndGlobalSection
	GlobalSection(SolutionProperties) = preSolution
		HideSolutionNode = FALSE
	EndGlobalSection
	GlobalSection(NestedProjects) = preSolution
		{932E2EFA-0F7E-4496-A6E6-E5F5997CD691} = {F6D8ECB5-F017-444A-9022-22FD550334CE}
		{9748A7EC-154D-4623-B4B6-DB236D6E3635} = {6E88EC0B-3FC9-49A9-84BB-A32FF3EEA472}
		{376E257E-AB9E-48FE-B3CE-5F171F5043F9} = {0C047CB7-3781-4BA4-AD59-69D94D964CE4}
		{D4D7B115-1BFC-4419-A295-EE3729ABAAB7} = {F5C38CE0-D52B-4897-8F77-A510A7314D43}
		{2B2414DE-89CF-49FB-9D51-ACEFB5A76158} = {6E88EC0B-3FC9-49A9-84BB-A32FF3EEA472}
	EndGlobalSection
	GlobalSection(ExtensibilityGlobals) = postSolution
		SolutionGuid = {CE3FCA15-C7DF-4916-87BB-6EF96C20F35F}
	EndGlobalSection
EndGlobal
